
Microsoft Visual Studio Solution File, Format Version 12.00
# Visual Studio Version 16
VisualStudioVersion = 16.0.32413.511
MinimumVisualStudioVersion = 10.0.40219.1
Project("{FAE04EC0-301F-11D3-BF4B-00C04F79EFBC}") = "Blog", "Blog.csproj", "{A03B1947-85BC-4B13-93C0-B16EA7DFC0A0}"
EndProject
Global
	GlobalSection(SolutionConfigurationPlatforms) = preSolution
		Debug|Any CPU = Debug|Any CPU
		Release|Any CPU = Release|Any CPU
	EndGlobalSection
	GlobalSection(ProjectConfigurationPlatforms) = postSolution
		{A03B1947-85BC-4B13-93C0-B16EA7DFC0A0}.Debug|Any CPU.ActiveCfg = Debug|Any CPU
		{A03B1947-85BC-4B13-93C0-B16EA7DFC0A0}.Debug|Any CPU.Build.0 = Debug|Any CPU
		{A03B1947-85BC-4B13-93C0-B16EA7DFC0A0}.Release|Any CPU.ActiveCfg = Release|Any CPU
		{A03B1947-85BC-4B13-93C0-B16EA7DFC0A0}.Release|Any CPU.Build.0 = Release|Any CPU
	EndGlobalSection
	GlobalSection(SolutionProperties) = preSolution
		HideSolutionNode = FALSE
	EndGlobalSection
	GlobalSection(ExtensibilityGlobals) = postSolution
		SolutionGuid = {F16CB29F-D8B4-4535-8290-2842191E8331}
	EndGlobalSection
EndGlobal
